
Microsoft Visual Studio Solution File, Format Version 12.00
# Visual Studio Version 17
VisualStudioVersion = 17.13.35825.156
MinimumVisualStudioVersion = 10.0.40219.1
Project("{2150E333-8FDC-42A3-9474-1A3956D46DE8}") = "Chapter01", "Chapter01", "{DDB4EF12-CC4E-5E88-E6FC-71A802F4DE97}"
EndProject
Project("{FAE04EC0-301F-11D3-BF4B-00C04F79EFBC}") = "ProductSample", "Chapter01\ProductSample\ProductSample.csproj", "{6E22FDDD-3996-4160-B30B-9297810141EC}"
EndProject
Project("{2150E333-8FDC-42A3-9474-1A3956D46DE8}") = "Chapter02", "Chapter02", "{90C56104-6F7B-4A3D-9E9D-34258215EE70}"
EndProject
Project("{FAE04EC0-301F-11D3-BF4B-00C04F79EFBC}") = "DistanceConverter", "Chapter02\DistanceConverter\DistanceConverter.csproj", "{C9FB8A23-1251-4ECF-A7FF-6F5D69D4006E}"
EndProject
Project("{2150E333-8FDC-42A3-9474-1A3956D46DE8}") = "演習問題", "演習問題", "{B622BE57-AC8A-476F-848B-36BD4DA4E04B}"
EndProject
Project("{FAE04EC0-301F-11D3-BF4B-00C04F79EFBC}") = "Exercise02", "Exercise02\Exercise02.csproj", "{CCCD5947-DF9D-46E7-84EC-7BF5AD0055CA}"
EndProject
Project("{2150E333-8FDC-42A3-9474-1A3956D46DE8}") = "距離換算プログラム", "距離換算プログラム", "{6971A201-5922-4C95-A328-AEDCCA6C247C}"
EndProject
Project("{2150E333-8FDC-42A3-9474-1A3956D46DE8}") = "FormApps", "FormApps", "{7CABD5BA-D377-4730-A540-75B05A456EAA}"
EndProject
Project("{FAE04EC0-301F-11D3-BF4B-00C04F79EFBC}") = "UnitConverter", "FromApps\UnitConverter\UnitConverter.csproj", "{C796E98C-9036-4D4F-B204-43CDA94EE514}"
EndProject
Project("{FAE04EC0-301F-11D3-BF4B-00C04F79EFBC}") = "StopWatch", "FromApps\StopWatch\StopWatch.csproj", "{671DAE69-DEBF-4DFB-BBD9-8590836AEDAE}"
EndProject
Project("{2150E333-8FDC-42A3-9474-1A3956D46DE8}") = "売り上げ集計プログラム", "売り上げ集計プログラム", "{347B958D-8716-4F60-91B8-F4143A956697}"
EndProject
Project("{FAE04EC0-301F-11D3-BF4B-00C04F79EFBC}") = "SalesCalculator", "Chapter02\SalesCalculator\SalesCalculator.csproj", "{05732E32-24C3-4FB4-BDD0-0DBCEF04B07A}"
EndProject
Project("{FAE04EC0-301F-11D3-BF4B-00C04F79EFBC}") = "Exercise01", "Chapter02\演習問題\Exercise01\Exercise01.csproj", "{6B8E78B8-2BDB-4273-9F49-146919E2AF94}"
EndProject
Project("{2150E333-8FDC-42A3-9474-1A3956D46DE8}") = "Chapter03", "Chapter03", "{0B209927-8673-46AF-9155-1636F2F694AD}"
EndProject
Project("{FAE04EC0-301F-11D3-BF4B-00C04F79EFBC}") = "Section01", "Chapter03\Section01\Section01.csproj", "{7133383D-4CBC-4BFA-BA25-D3133C362C12}"
EndProject
Global
	GlobalSection(SolutionConfigurationPlatforms) = preSolution
		Debug|Any CPU = Debug|Any CPU
		Release|Any CPU = Release|Any CPU
	EndGlobalSection
	GlobalSection(ProjectConfigurationPlatforms) = postSolution
		{6E22FDDD-3996-4160-B30B-9297810141EC}.Debug|Any CPU.ActiveCfg = Debug|Any CPU
		{6E22FDDD-3996-4160-B30B-9297810141EC}.Debug|Any CPU.Build.0 = Debug|Any CPU
		{6E22FDDD-3996-4160-B30B-9297810141EC}.Release|Any CPU.ActiveCfg = Release|Any CPU
		{6E22FDDD-3996-4160-B30B-9297810141EC}.Release|Any CPU.Build.0 = Release|Any CPU
		{C9FB8A23-1251-4ECF-A7FF-6F5D69D4006E}.Debug|Any CPU.ActiveCfg = Debug|Any CPU
		{C9FB8A23-1251-4ECF-A7FF-6F5D69D4006E}.Debug|Any CPU.Build.0 = Debug|Any CPU
		{C9FB8A23-1251-4ECF-A7FF-6F5D69D4006E}.Release|Any CPU.ActiveCfg = Release|Any CPU
		{C9FB8A23-1251-4ECF-A7FF-6F5D69D4006E}.Release|Any CPU.Build.0 = Release|Any CPU
		{CCCD5947-DF9D-46E7-84EC-7BF5AD0055CA}.Debug|Any CPU.ActiveCfg = Debug|Any CPU
		{CCCD5947-DF9D-46E7-84EC-7BF5AD0055CA}.Debug|Any CPU.Build.0 = Debug|Any CPU
		{CCCD5947-DF9D-46E7-84EC-7BF5AD0055CA}.Release|Any CPU.ActiveCfg = Release|Any CPU
		{CCCD5947-DF9D-46E7-84EC-7BF5AD0055CA}.Release|Any CPU.Build.0 = Release|Any CPU
		{C796E98C-9036-4D4F-B204-43CDA94EE514}.Debug|Any CPU.ActiveCfg = Debug|Any CPU
		{C796E98C-9036-4D4F-B204-43CDA94EE514}.Debug|Any CPU.Build.0 = Debug|Any CPU
		{C796E98C-9036-4D4F-B204-43CDA94EE514}.Release|Any CPU.ActiveCfg = Release|Any CPU
		{C796E98C-9036-4D4F-B204-43CDA94EE514}.Release|Any CPU.Build.0 = Release|Any CPU
		{671DAE69-DEBF-4DFB-BBD9-8590836AEDAE}.Debug|Any CPU.ActiveCfg = Debug|Any CPU
		{671DAE69-DEBF-4DFB-BBD9-8590836AEDAE}.Debug|Any CPU.Build.0 = Debug|Any CPU
		{671DAE69-DEBF-4DFB-BBD9-8590836AEDAE}.Release|Any CPU.ActiveCfg = Release|Any CPU
		{671DAE69-DEBF-4DFB-BBD9-8590836AEDAE}.Release|Any CPU.Build.0 = Release|Any CPU
		{05732E32-24C3-4FB4-BDD0-0DBCEF04B07A}.Debug|Any CPU.ActiveCfg = Debug|Any CPU
		{05732E32-24C3-4FB4-BDD0-0DBCEF04B07A}.Debug|Any CPU.Build.0 = Debug|Any CPU
		{05732E32-24C3-4FB4-BDD0-0DBCEF04B07A}.Release|Any CPU.ActiveCfg = Release|Any CPU
		{05732E32-24C3-4FB4-BDD0-0DBCEF04B07A}.Release|Any CPU.Build.0 = Release|Any CPU
		{6B8E78B8-2BDB-4273-9F49-146919E2AF94}.Debug|Any CPU.ActiveCfg = Debug|Any CPU
		{6B8E78B8-2BDB-4273-9F49-146919E2AF94}.Debug|Any CPU.Build.0 = Debug|Any CPU
		{6B8E78B8-2BDB-4273-9F49-146919E2AF94}.Release|Any CPU.ActiveCfg = Release|Any CPU
		{6B8E78B8-2BDB-4273-9F49-146919E2AF94}.Release|Any CPU.Build.0 = Release|Any CPU
		{7133383D-4CBC-4BFA-BA25-D3133C362C12}.Debug|Any CPU.ActiveCfg = Debug|Any CPU
		{7133383D-4CBC-4BFA-BA25-D3133C362C12}.Debug|Any CPU.Build.0 = Debug|Any CPU
		{7133383D-4CBC-4BFA-BA25-D3133C362C12}.Release|Any CPU.ActiveCfg = Release|Any CPU
		{7133383D-4CBC-4BFA-BA25-D3133C362C12}.Release|Any CPU.Build.0 = Release|Any CPU
	EndGlobalSection
	GlobalSection(SolutionProperties) = preSolution
		HideSolutionNode = FALSE
	EndGlobalSection
	GlobalSection(NestedProjects) = preSolution
		{6E22FDDD-3996-4160-B30B-9297810141EC} = {DDB4EF12-CC4E-5E88-E6FC-71A802F4DE97}
		{C9FB8A23-1251-4ECF-A7FF-6F5D69D4006E} = {90C56104-6F7B-4A3D-9E9D-34258215EE70}
		{B622BE57-AC8A-476F-848B-36BD4DA4E04B} = {90C56104-6F7B-4A3D-9E9D-34258215EE70}
		{CCCD5947-DF9D-46E7-84EC-7BF5AD0055CA} = {B622BE57-AC8A-476F-848B-36BD4DA4E04B}
		{6971A201-5922-4C95-A328-AEDCCA6C247C} = {90C56104-6F7B-4A3D-9E9D-34258215EE70}
		{C796E98C-9036-4D4F-B204-43CDA94EE514} = {7CABD5BA-D377-4730-A540-75B05A456EAA}
		{671DAE69-DEBF-4DFB-BBD9-8590836AEDAE} = {7CABD5BA-D377-4730-A540-75B05A456EAA}
		{347B958D-8716-4F60-91B8-F4143A956697} = {90C56104-6F7B-4A3D-9E9D-34258215EE70}
		{05732E32-24C3-4FB4-BDD0-0DBCEF04B07A} = {347B958D-8716-4F60-91B8-F4143A956697}
		{6B8E78B8-2BDB-4273-9F49-146919E2AF94} = {B622BE57-AC8A-476F-848B-36BD4DA4E04B}
		{7133383D-4CBC-4BFA-BA25-D3133C362C12} = {0B209927-8673-46AF-9155-1636F2F694AD}
	EndGlobalSection
	GlobalSection(ExtensibilityGlobals) = postSolution
		SolutionGuid = {00FD18AF-3AAA-41F6-84DB-341EE58A94CF}
	EndGlobalSection
EndGlobal
