
Microsoft Visual Studio Solution File, Format Version 12.00
# Visual Studio Version 17
VisualStudioVersion = 17.13.35825.156
MinimumVisualStudioVersion = 10.0.40219.1
Project("{2150E333-8FDC-42A3-9474-1A3956D46DE8}") = "Chapter01", "Chapter01", "{DDB4EF12-CC4E-5E88-E6FC-71A802F4DE97}"
EndProject
Project("{FAE04EC0-301F-11D3-BF4B-00C04F79EFBC}") = "ProductSample", "Chapter01\ProductSample\ProductSample.csproj", "{6E22FDDD-3996-4160-B30B-9297810141EC}"
EndProject
Project("{2150E333-8FDC-42A3-9474-1A3956D46DE8}") = "Chapter02", "Chapter02", "{90C56104-6F7B-4A3D-9E9D-34258215EE70}"
EndProject
Project("{FAE04EC0-301F-11D3-BF4B-00C04F79EFBC}") = "DistanceConverter", "Chapter02\DistanceConverter\DistanceConverter.csproj", "{C9FB8A23-1251-4ECF-A7FF-6F5D69D4006E}"
EndProject
Project("{2150E333-8FDC-42A3-9474-1A3956D46DE8}") = "演習問題", "演習問題", "{B622BE57-AC8A-476F-848B-36BD4DA4E04B}"
EndProject
Project("{FAE04EC0-301F-11D3-BF4B-00C04F79EFBC}") = "Exercise02", "Exercise02\Exercise02.csproj", "{CCCD5947-DF9D-46E7-84EC-7BF5AD0055CA}"
EndProject
Project("{2150E333-8FDC-42A3-9474-1A3956D46DE8}") = "距離換算プログラム", "距離換算プログラム", "{6971A201-5922-4C95-A328-AEDCCA6C247C}"
EndProject
Project("{2150E333-8FDC-42A3-9474-1A3956D46DE8}") = "FormApps", "FormApps", "{7CABD5BA-D377-4730-A540-75B05A456EAA}"
EndProject
Project("{FAE04EC0-301F-11D3-BF4B-00C04F79EFBC}") = "UnitConverter", "FromApps\UnitConverter\UnitConverter.csproj", "{C796E98C-9036-4D4F-B204-43CDA94EE514}"
EndProject
Project("{FAE04EC0-301F-11D3-BF4B-00C04F79EFBC}") = "StopWatch", "FromApps\StopWatch\StopWatch.csproj", "{671DAE69-DEBF-4DFB-BBD9-8590836AEDAE}"
EndProject
Project("{2150E333-8FDC-42A3-9474-1A3956D46DE8}") = "売り上げ集計プログラム", "売り上げ集計プログラム", "{347B958D-8716-4F60-91B8-F4143A956697}"
EndProject
Project("{FAE04EC0-301F-11D3-BF4B-00C04F79EFBC}") = "SalesCalculator", "Chapter02\SalesCalculator\SalesCalculator.csproj", "{05732E32-24C3-4FB4-BDD0-0DBCEF04B07A}"
EndProject
Project("{FAE04EC0-301F-11D3-BF4B-00C04F79EFBC}") = "Exercise01", "Chapter02\演習問題\Exercise01\Exercise01.csproj", "{6B8E78B8-2BDB-4273-9F49-146919E2AF94}"
EndProject
Project("{2150E333-8FDC-42A3-9474-1A3956D46DE8}") = "Chapter03", "Chapter03", "{0B209927-8673-46AF-9155-1636F2F694AD}"
EndProject
Project("{FAE04EC0-301F-11D3-BF4B-00C04F79EFBC}") = "Section01", "Chapter03\Section01\Section01.csproj", "{7133383D-4CBC-4BFA-BA25-D3133C362C12}"
EndProject
Project("{2150E333-8FDC-42A3-9474-1A3956D46DE8}") = "演習問題", "演習問題", "{8C18F13F-0BF8-4DBB-BE8B-5775595F73EE}"
EndProject
Project("{FAE04EC0-301F-11D3-BF4B-00C04F79EFBC}") = "Exercise02", "Chapter03\演習問題\Exercise02\Exercise02.csproj", "{515A2BD0-619A-4759-A359-010429D892C7}"
EndProject
Project("{FAE04EC0-301F-11D3-BF4B-00C04F79EFBC}") = "Section04", "Chapter03\Section04\Section04.csproj", "{B79626E7-51FA-428E-8271-4191D1BD1CBE}"
EndProject
Project("{FAE04EC0-301F-11D3-BF4B-00C04F79EFBC}") = "Exercise01", "Chapter03\演習問題\Exercise01\Exercise01.csproj", "{75FE56C2-D4A7-4856-A89A-EAC8790CF7AA}"
EndProject
Project("{2150E333-8FDC-42A3-9474-1A3956D46DE8}") = "Chapter04", "Chapter04", "{C9A9DFAB-61C9-4650-9038-835CF74F874B}"
EndProject
Project("{FAE04EC0-301F-11D3-BF4B-00C04F79EFBC}") = "Section04", "Chapter04\Section04\Section04.csproj", "{D8B1DC82-7476-4BF9-B692-83685E1268B8}"
EndProject
Project("{2150E333-8FDC-42A3-9474-1A3956D46DE8}") = "演習問題", "演習問題", "{265C5CAD-8E82-4065-AE9E-6FCA53F02B47}"
EndProject
Project("{FAE04EC0-301F-11D3-BF4B-00C04F79EFBC}") = "Exercise01", "Chapter04\演習問題\Exercise01\Exercise01.csproj", "{2CBB0771-269D-48E9-B0F8-390BFA897CCC}"
EndProject
Project("{FAE04EC0-301F-11D3-BF4B-00C04F79EFBC}") = "Exercise02", "Chapter04\演習問題\Exercise02\Exercise02.csproj", "{247C3F1D-CD1E-4480-A25E-04D5A9FC649A}"
EndProject
Project("{2150E333-8FDC-42A3-9474-1A3956D46DE8}") = "LINQ", "LINQ", "{774C5172-EA0D-40E0-8220-9BEF977B1BB3}"
EndProject
Project("{FAE04EC0-301F-11D3-BF4B-00C04F79EFBC}") = "LinqSample", "LINQ\LinqSample\LinqSample.csproj", "{79C8D8E2-AFAC-48B7-AA8A-1A3333380103}"
EndProject
Project("{2150E333-8FDC-42A3-9474-1A3956D46DE8}") = "Chapter07", "Chapter07", "{4815EA66-C872-4AE9-815D-8F76607E7F32}"
EndProject
Project("{2150E333-8FDC-42A3-9474-1A3956D46DE8}") = "演習問題", "演習問題", "{CEF4E315-677A-474E-8200-4E0B67A5FF0B}"
EndProject
Project("{FAE04EC0-301F-11D3-BF4B-00C04F79EFBC}") = "Exercise01", "Chapter07\演習問題\Exercise01\Exercise01.csproj", "{497E4E8F-D631-4E01-B9A8-106AD87079E5}"
EndProject
Project("{FAE04EC0-301F-11D3-BF4B-00C04F79EFBC}") = "Section01", "Chapter07\Section01\Section01.csproj", "{D24C6931-B0B2-4498-A70F-394B53ED0014}"
EndProject
Project("{FAE04EC0-301F-11D3-BF4B-00C04F79EFBC}") = "Section05", "Chapter07\Section05\Section05.csproj", "{D92710A0-0A86-4742-B939-CEC15F75CEBD}"
EndProject
Project("{FAE04EC0-301F-11D3-BF4B-00C04F79EFBC}") = "Exercise02", "Chapter07\演習問題\Exercise02\Exercise02.csproj", "{0B92C6B4-8E10-4770-AB4D-D2E5DD990CCC}"
EndProject
Project("{2150E333-8FDC-42A3-9474-1A3956D46DE8}") = "Chapter06", "Chapter06", "{660A627A-8BD3-4E32-8460-B87EE3BBB967}"
EndProject
Project("{FAE04EC0-301F-11D3-BF4B-00C04F79EFBC}") = "Section01", "Chapter06\Section01\Section01.csproj", "{AD82304C-52BD-479C-995B-3D5508E6F858}"
EndProject
Project("{2150E333-8FDC-42A3-9474-1A3956D46DE8}") = "演習問題", "演習問題", "{306EE0C0-C8B0-4C01-97A1-E89967F7726C}"
EndProject
Project("{FAE04EC0-301F-11D3-BF4B-00C04F79EFBC}") = "Exercise01", "Chapter06\演習問題\Exercise01\Exercise01.csproj", "{86A05651-4EC4-4537-A0A6-AE202BCFE4FE}"
EndProject
Project("{FAE04EC0-301F-11D3-BF4B-00C04F79EFBC}") = "Exercise03", "Chapter06\演習問題\Exercise03\Exercise03.csproj", "{4C728214-7B57-475F-BB39-BA124F450E67}"
EndProject
Project("{FAE04EC0-301F-11D3-BF4B-00C04F79EFBC}") = "Exercise04", "Chapter06\演習問題\Exercise04\Exercise04.csproj", "{E21D166E-0274-4C67-9327-82ABEECAB426}"
EndProject
Project("{FAE04EC0-301F-11D3-BF4B-00C04F79EFBC}") = "Section03", "Chapter06\Section03\Section03.csproj", "{2E8D78F8-6649-4CBB-A79F-E5886E3381C5}"
EndProject
Global
	GlobalSection(SolutionConfigurationPlatforms) = preSolution
		Debug|Any CPU = Debug|Any CPU
		Release|Any CPU = Release|Any CPU
	EndGlobalSection
	GlobalSection(ProjectConfigurationPlatforms) = postSolution
		{6E22FDDD-3996-4160-B30B-9297810141EC}.Debug|Any CPU.ActiveCfg = Debug|Any CPU
		{6E22FDDD-3996-4160-B30B-9297810141EC}.Debug|Any CPU.Build.0 = Debug|Any CPU
		{6E22FDDD-3996-4160-B30B-9297810141EC}.Release|Any CPU.ActiveCfg = Release|Any CPU
		{6E22FDDD-3996-4160-B30B-9297810141EC}.Release|Any CPU.Build.0 = Release|Any CPU
		{C9FB8A23-1251-4ECF-A7FF-6F5D69D4006E}.Debug|Any CPU.ActiveCfg = Debug|Any CPU
		{C9FB8A23-1251-4ECF-A7FF-6F5D69D4006E}.Debug|Any CPU.Build.0 = Debug|Any CPU
		{C9FB8A23-1251-4ECF-A7FF-6F5D69D4006E}.Release|Any CPU.ActiveCfg = Release|Any CPU
		{C9FB8A23-1251-4ECF-A7FF-6F5D69D4006E}.Release|Any CPU.Build.0 = Release|Any CPU
		{CCCD5947-DF9D-46E7-84EC-7BF5AD0055CA}.Debug|Any CPU.ActiveCfg = Debug|Any CPU
		{CCCD5947-DF9D-46E7-84EC-7BF5AD0055CA}.Debug|Any CPU.Build.0 = Debug|Any CPU
		{CCCD5947-DF9D-46E7-84EC-7BF5AD0055CA}.Release|Any CPU.ActiveCfg = Release|Any CPU
		{CCCD5947-DF9D-46E7-84EC-7BF5AD0055CA}.Release|Any CPU.Build.0 = Release|Any CPU
		{C796E98C-9036-4D4F-B204-43CDA94EE514}.Debug|Any CPU.ActiveCfg = Debug|Any CPU
		{C796E98C-9036-4D4F-B204-43CDA94EE514}.Debug|Any CPU.Build.0 = Debug|Any CPU
		{C796E98C-9036-4D4F-B204-43CDA94EE514}.Release|Any CPU.ActiveCfg = Release|Any CPU
		{C796E98C-9036-4D4F-B204-43CDA94EE514}.Release|Any CPU.Build.0 = Release|Any CPU
		{671DAE69-DEBF-4DFB-BBD9-8590836AEDAE}.Debug|Any CPU.ActiveCfg = Debug|Any CPU
		{671DAE69-DEBF-4DFB-BBD9-8590836AEDAE}.Debug|Any CPU.Build.0 = Debug|Any CPU
		{671DAE69-DEBF-4DFB-BBD9-8590836AEDAE}.Release|Any CPU.ActiveCfg = Release|Any CPU
		{671DAE69-DEBF-4DFB-BBD9-8590836AEDAE}.Release|Any CPU.Build.0 = Release|Any CPU
		{05732E32-24C3-4FB4-BDD0-0DBCEF04B07A}.Debug|Any CPU.ActiveCfg = Debug|Any CPU
		{05732E32-24C3-4FB4-BDD0-0DBCEF04B07A}.Debug|Any CPU.Build.0 = Debug|Any CPU
		{05732E32-24C3-4FB4-BDD0-0DBCEF04B07A}.Release|Any CPU.ActiveCfg = Release|Any CPU
		{05732E32-24C3-4FB4-BDD0-0DBCEF04B07A}.Release|Any CPU.Build.0 = Release|Any CPU
		{6B8E78B8-2BDB-4273-9F49-146919E2AF94}.Debug|Any CPU.ActiveCfg = Debug|Any CPU
		{6B8E78B8-2BDB-4273-9F49-146919E2AF94}.Debug|Any CPU.Build.0 = Debug|Any CPU
		{6B8E78B8-2BDB-4273-9F49-146919E2AF94}.Release|Any CPU.ActiveCfg = Release|Any CPU
		{6B8E78B8-2BDB-4273-9F49-146919E2AF94}.Release|Any CPU.Build.0 = Release|Any CPU
		{7133383D-4CBC-4BFA-BA25-D3133C362C12}.Debug|Any CPU.ActiveCfg = Debug|Any CPU
		{7133383D-4CBC-4BFA-BA25-D3133C362C12}.Debug|Any CPU.Build.0 = Debug|Any CPU
		{7133383D-4CBC-4BFA-BA25-D3133C362C12}.Release|Any CPU.ActiveCfg = Release|Any CPU
		{7133383D-4CBC-4BFA-BA25-D3133C362C12}.Release|Any CPU.Build.0 = Release|Any CPU
		{515A2BD0-619A-4759-A359-010429D892C7}.Debug|Any CPU.ActiveCfg = Debug|Any CPU
		{515A2BD0-619A-4759-A359-010429D892C7}.Debug|Any CPU.Build.0 = Debug|Any CPU
		{515A2BD0-619A-4759-A359-010429D892C7}.Release|Any CPU.ActiveCfg = Release|Any CPU
		{515A2BD0-619A-4759-A359-010429D892C7}.Release|Any CPU.Build.0 = Release|Any CPU
		{B79626E7-51FA-428E-8271-4191D1BD1CBE}.Debug|Any CPU.ActiveCfg = Debug|Any CPU
		{B79626E7-51FA-428E-8271-4191D1BD1CBE}.Debug|Any CPU.Build.0 = Debug|Any CPU
		{B79626E7-51FA-428E-8271-4191D1BD1CBE}.Release|Any CPU.ActiveCfg = Release|Any CPU
		{B79626E7-51FA-428E-8271-4191D1BD1CBE}.Release|Any CPU.Build.0 = Release|Any CPU
		{75FE56C2-D4A7-4856-A89A-EAC8790CF7AA}.Debug|Any CPU.ActiveCfg = Debug|Any CPU
		{75FE56C2-D4A7-4856-A89A-EAC8790CF7AA}.Debug|Any CPU.Build.0 = Debug|Any CPU
		{75FE56C2-D4A7-4856-A89A-EAC8790CF7AA}.Release|Any CPU.ActiveCfg = Release|Any CPU
		{75FE56C2-D4A7-4856-A89A-EAC8790CF7AA}.Release|Any CPU.Build.0 = Release|Any CPU
		{D8B1DC82-7476-4BF9-B692-83685E1268B8}.Debug|Any CPU.ActiveCfg = Debug|Any CPU
		{D8B1DC82-7476-4BF9-B692-83685E1268B8}.Debug|Any CPU.Build.0 = Debug|Any CPU
		{D8B1DC82-7476-4BF9-B692-83685E1268B8}.Release|Any CPU.ActiveCfg = Release|Any CPU
		{D8B1DC82-7476-4BF9-B692-83685E1268B8}.Release|Any CPU.Build.0 = Release|Any CPU
		{2CBB0771-269D-48E9-B0F8-390BFA897CCC}.Debug|Any CPU.ActiveCfg = Debug|Any CPU
		{2CBB0771-269D-48E9-B0F8-390BFA897CCC}.Debug|Any CPU.Build.0 = Debug|Any CPU
		{2CBB0771-269D-48E9-B0F8-390BFA897CCC}.Release|Any CPU.ActiveCfg = Release|Any CPU
		{2CBB0771-269D-48E9-B0F8-390BFA897CCC}.Release|Any CPU.Build.0 = Release|Any CPU
		{247C3F1D-CD1E-4480-A25E-04D5A9FC649A}.Debug|Any CPU.ActiveCfg = Debug|Any CPU
		{247C3F1D-CD1E-4480-A25E-04D5A9FC649A}.Debug|Any CPU.Build.0 = Debug|Any CPU
		{247C3F1D-CD1E-4480-A25E-04D5A9FC649A}.Release|Any CPU.ActiveCfg = Release|Any CPU
		{247C3F1D-CD1E-4480-A25E-04D5A9FC649A}.Release|Any CPU.Build.0 = Release|Any CPU
		{79C8D8E2-AFAC-48B7-AA8A-1A3333380103}.Debug|Any CPU.ActiveCfg = Debug|Any CPU
		{79C8D8E2-AFAC-48B7-AA8A-1A3333380103}.Debug|Any CPU.Build.0 = Debug|Any CPU
		{79C8D8E2-AFAC-48B7-AA8A-1A3333380103}.Release|Any CPU.ActiveCfg = Release|Any CPU
		{79C8D8E2-AFAC-48B7-AA8A-1A3333380103}.Release|Any CPU.Build.0 = Release|Any CPU
		{497E4E8F-D631-4E01-B9A8-106AD87079E5}.Debug|Any CPU.ActiveCfg = Debug|Any CPU
		{497E4E8F-D631-4E01-B9A8-106AD87079E5}.Debug|Any CPU.Build.0 = Debug|Any CPU
		{497E4E8F-D631-4E01-B9A8-106AD87079E5}.Release|Any CPU.ActiveCfg = Release|Any CPU
		{497E4E8F-D631-4E01-B9A8-106AD87079E5}.Release|Any CPU.Build.0 = Release|Any CPU
		{D24C6931-B0B2-4498-A70F-394B53ED0014}.Debug|Any CPU.ActiveCfg = Debug|Any CPU
		{D24C6931-B0B2-4498-A70F-394B53ED0014}.Debug|Any CPU.Build.0 = Debug|Any CPU
		{D24C6931-B0B2-4498-A70F-394B53ED0014}.Release|Any CPU.ActiveCfg = Release|Any CPU
		{D24C6931-B0B2-4498-A70F-394B53ED0014}.Release|Any CPU.Build.0 = Release|Any CPU
		{D92710A0-0A86-4742-B939-CEC15F75CEBD}.Debug|Any CPU.ActiveCfg = Debug|Any CPU
		{D92710A0-0A86-4742-B939-CEC15F75CEBD}.Debug|Any CPU.Build.0 = Debug|Any CPU
		{D92710A0-0A86-4742-B939-CEC15F75CEBD}.Release|Any CPU.ActiveCfg = Release|Any CPU
		{D92710A0-0A86-4742-B939-CEC15F75CEBD}.Release|Any CPU.Build.0 = Release|Any CPU
		{0B92C6B4-8E10-4770-AB4D-D2E5DD990CCC}.Debug|Any CPU.ActiveCfg = Debug|Any CPU
		{0B92C6B4-8E10-4770-AB4D-D2E5DD990CCC}.Debug|Any CPU.Build.0 = Debug|Any CPU
		{0B92C6B4-8E10-4770-AB4D-D2E5DD990CCC}.Release|Any CPU.ActiveCfg = Release|Any CPU
		{0B92C6B4-8E10-4770-AB4D-D2E5DD990CCC}.Release|Any CPU.Build.0 = Release|Any CPU
		{AD82304C-52BD-479C-995B-3D5508E6F858}.Debug|Any CPU.ActiveCfg = Debug|Any CPU
		{AD82304C-52BD-479C-995B-3D5508E6F858}.Debug|Any CPU.Build.0 = Debug|Any CPU
		{AD82304C-52BD-479C-995B-3D5508E6F858}.Release|Any CPU.ActiveCfg = Release|Any CPU
		{AD82304C-52BD-479C-995B-3D5508E6F858}.Release|Any CPU.Build.0 = Release|Any CPU
		{86A05651-4EC4-4537-A0A6-AE202BCFE4FE}.Debug|Any CPU.ActiveCfg = Debug|Any CPU
		{86A05651-4EC4-4537-A0A6-AE202BCFE4FE}.Debug|Any CPU.Build.0 = Debug|Any CPU
		{86A05651-4EC4-4537-A0A6-AE202BCFE4FE}.Release|Any CPU.ActiveCfg = Release|Any CPU
		{86A05651-4EC4-4537-A0A6-AE202BCFE4FE}.Release|Any CPU.Build.0 = Release|Any CPU
		{4C728214-7B57-475F-BB39-BA124F450E67}.Debug|Any CPU.ActiveCfg = Debug|Any CPU
		{4C728214-7B57-475F-BB39-BA124F450E67}.Debug|Any CPU.Build.0 = Debug|Any CPU
		{4C728214-7B57-475F-BB39-BA124F450E67}.Release|Any CPU.ActiveCfg = Release|Any CPU
		{4C728214-7B57-475F-BB39-BA124F450E67}.Release|Any CPU.Build.0 = Release|Any CPU
		{E21D166E-0274-4C67-9327-82ABEECAB426}.Debug|Any CPU.ActiveCfg = Debug|Any CPU
		{E21D166E-0274-4C67-9327-82ABEECAB426}.Debug|Any CPU.Build.0 = Debug|Any CPU
		{E21D166E-0274-4C67-9327-82ABEECAB426}.Release|Any CPU.ActiveCfg = Release|Any CPU
		{E21D166E-0274-4C67-9327-82ABEECAB426}.Release|Any CPU.Build.0 = Release|Any CPU
		{2E8D78F8-6649-4CBB-A79F-E5886E3381C5}.Debug|Any CPU.ActiveCfg = Debug|Any CPU
		{2E8D78F8-6649-4CBB-A79F-E5886E3381C5}.Debug|Any CPU.Build.0 = Debug|Any CPU
		{2E8D78F8-6649-4CBB-A79F-E5886E3381C5}.Release|Any CPU.ActiveCfg = Release|Any CPU
		{2E8D78F8-6649-4CBB-A79F-E5886E3381C5}.Release|Any CPU.Build.0 = Release|Any CPU
	EndGlobalSection
	GlobalSection(SolutionProperties) = preSolution
		HideSolutionNode = FALSE
	EndGlobalSection
	GlobalSection(NestedProjects) = preSolution
		{6E22FDDD-3996-4160-B30B-9297810141EC} = {DDB4EF12-CC4E-5E88-E6FC-71A802F4DE97}
		{C9FB8A23-1251-4ECF-A7FF-6F5D69D4006E} = {90C56104-6F7B-4A3D-9E9D-34258215EE70}
		{B622BE57-AC8A-476F-848B-36BD4DA4E04B} = {90C56104-6F7B-4A3D-9E9D-34258215EE70}
		{CCCD5947-DF9D-46E7-84EC-7BF5AD0055CA} = {B622BE57-AC8A-476F-848B-36BD4DA4E04B}
		{6971A201-5922-4C95-A328-AEDCCA6C247C} = {90C56104-6F7B-4A3D-9E9D-34258215EE70}
		{C796E98C-9036-4D4F-B204-43CDA94EE514} = {7CABD5BA-D377-4730-A540-75B05A456EAA}
		{671DAE69-DEBF-4DFB-BBD9-8590836AEDAE} = {7CABD5BA-D377-4730-A540-75B05A456EAA}
		{347B958D-8716-4F60-91B8-F4143A956697} = {90C56104-6F7B-4A3D-9E9D-34258215EE70}
		{05732E32-24C3-4FB4-BDD0-0DBCEF04B07A} = {347B958D-8716-4F60-91B8-F4143A956697}
		{6B8E78B8-2BDB-4273-9F49-146919E2AF94} = {B622BE57-AC8A-476F-848B-36BD4DA4E04B}
		{7133383D-4CBC-4BFA-BA25-D3133C362C12} = {0B209927-8673-46AF-9155-1636F2F694AD}
		{8C18F13F-0BF8-4DBB-BE8B-5775595F73EE} = {0B209927-8673-46AF-9155-1636F2F694AD}
		{515A2BD0-619A-4759-A359-010429D892C7} = {8C18F13F-0BF8-4DBB-BE8B-5775595F73EE}
		{B79626E7-51FA-428E-8271-4191D1BD1CBE} = {0B209927-8673-46AF-9155-1636F2F694AD}
		{75FE56C2-D4A7-4856-A89A-EAC8790CF7AA} = {8C18F13F-0BF8-4DBB-BE8B-5775595F73EE}
		{D8B1DC82-7476-4BF9-B692-83685E1268B8} = {C9A9DFAB-61C9-4650-9038-835CF74F874B}
		{265C5CAD-8E82-4065-AE9E-6FCA53F02B47} = {C9A9DFAB-61C9-4650-9038-835CF74F874B}
		{2CBB0771-269D-48E9-B0F8-390BFA897CCC} = {265C5CAD-8E82-4065-AE9E-6FCA53F02B47}
		{247C3F1D-CD1E-4480-A25E-04D5A9FC649A} = {265C5CAD-8E82-4065-AE9E-6FCA53F02B47}
		{79C8D8E2-AFAC-48B7-AA8A-1A3333380103} = {774C5172-EA0D-40E0-8220-9BEF977B1BB3}
		{CEF4E315-677A-474E-8200-4E0B67A5FF0B} = {4815EA66-C872-4AE9-815D-8F76607E7F32}
		{497E4E8F-D631-4E01-B9A8-106AD87079E5} = {CEF4E315-677A-474E-8200-4E0B67A5FF0B}
		{D24C6931-B0B2-4498-A70F-394B53ED0014} = {4815EA66-C872-4AE9-815D-8F76607E7F32}
		{D92710A0-0A86-4742-B939-CEC15F75CEBD} = {4815EA66-C872-4AE9-815D-8F76607E7F32}
		{0B92C6B4-8E10-4770-AB4D-D2E5DD990CCC} = {CEF4E315-677A-474E-8200-4E0B67A5FF0B}
		{AD82304C-52BD-479C-995B-3D5508E6F858} = {660A627A-8BD3-4E32-8460-B87EE3BBB967}
		{306EE0C0-C8B0-4C01-97A1-E89967F7726C} = {660A627A-8BD3-4E32-8460-B87EE3BBB967}
		{86A05651-4EC4-4537-A0A6-AE202BCFE4FE} = {306EE0C0-C8B0-4C01-97A1-E89967F7726C}
		{4C728214-7B57-475F-BB39-BA124F450E67} = {306EE0C0-C8B0-4C01-97A1-E89967F7726C}
		{E21D166E-0274-4C67-9327-82ABEECAB426} = {306EE0C0-C8B0-4C01-97A1-E89967F7726C}
		{2E8D78F8-6649-4CBB-A79F-E5886E3381C5} = {660A627A-8BD3-4E32-8460-B87EE3BBB967}
	EndGlobalSection
	GlobalSection(ExtensibilityGlobals) = postSolution
		SolutionGuid = {00FD18AF-3AAA-41F6-84DB-341EE58A94CF}
	EndGlobalSection
EndGlobal
